
Microsoft Visual Studio Solution File, Format Version 12.00
# Visual Studio Version 17
VisualStudioVersion = 17.8.34330.188
MinimumVisualStudioVersion = 10.0.40219.1
Project("{FAE04EC0-301F-11D3-BF4B-00C04F79EFBC}") = "AbstractBaseClass", "AbstractBaseClass\AbstractBaseClass.csproj", "{CF3722CE-8C11-48F0-9297-90FCABC28B6E}"
EndProject
Project("{FAE04EC0-301F-11D3-BF4B-00C04F79EFBC}") = "AbstractGeometry", "AbstractGeometry\AbstractGeometry.csproj", "{2BDFE429-0FDD-4B3B-A67B-FF92E0DBE981}"
EndProject
Global
	GlobalSection(SolutionConfigurationPlatforms) = preSolution
		Debug|Any CPU = Debug|Any CPU
		Release|Any CPU = Release|Any CPU
	EndGlobalSection
	GlobalSection(ProjectConfigurationPlatforms) = postSolution
		{CF3722CE-8C11-48F0-9297-90FCABC28B6E}.Debug|Any CPU.ActiveCfg = Debug|Any CPU
		{CF3722CE-8C11-48F0-9297-90FCABC28B6E}.Debug|Any CPU.Build.0 = Debug|Any CPU
		{CF3722CE-8C11-48F0-9297-90FCABC28B6E}.Release|Any CPU.ActiveCfg = Release|Any CPU
		{CF3722CE-8C11-48F0-9297-90FCABC28B6E}.Release|Any CPU.Build.0 = Release|Any CPU
		{2BDFE429-0FDD-4B3B-A67B-FF92E0DBE981}.Debug|Any CPU.ActiveCfg = Debug|Any CPU
		{2BDFE429-0FDD-4B3B-A67B-FF92E0DBE981}.Debug|Any CPU.Build.0 = Debug|Any CPU
		{2BDFE429-0FDD-4B3B-A67B-FF92E0DBE981}.Release|Any CPU.ActiveCfg = Release|Any CPU
		{2BDFE429-0FDD-4B3B-A67B-FF92E0DBE981}.Release|Any CPU.Build.0 = Release|Any CPU
	EndGlobalSection
	GlobalSection(SolutionProperties) = preSolution
		HideSolutionNode = FALSE
	EndGlobalSection
	GlobalSection(ExtensibilityGlobals) = postSolution
		SolutionGuid = {1EAF7E32-53EB-46C1-94AA-36D65896AB27}
	EndGlobalSection
EndGlobal
